
Microsoft Visual Studio Solution File, Format Version 12.00
# Visual Studio Version 16
VisualStudioVersion = 16.0.31321.278
MinimumVisualStudioVersion = 10.0.40219.1
Project("{9A19103F-16F7-4668-BE54-9A1E7A4F7556}") = "TestMqttLibrary", "TestMqttLibrary\TestMqttLibrary.csproj", "{ADDE1155-AED8-49E2-97C6-5EDEC7B02B5D}"
EndProject
Global
	GlobalSection(SolutionConfigurationPlatforms) = preSolution
		Debug|Any CPU = Debug|Any CPU
		Release|Any CPU = Release|Any CPU
	EndGlobalSection
	GlobalSection(ProjectConfigurationPlatforms) = postSolution
		{ADDE1155-AED8-49E2-97C6-5EDEC7B02B5D}.Debug|Any CPU.ActiveCfg = Debug|Any CPU
		{ADDE1155-AED8-49E2-97C6-5EDEC7B02B5D}.Debug|Any CPU.Build.0 = Debug|Any CPU
		{ADDE1155-AED8-49E2-97C6-5EDEC7B02B5D}.Release|Any CPU.ActiveCfg = Release|Any CPU
		{ADDE1155-AED8-49E2-97C6-5EDEC7B02B5D}.Release|Any CPU.Build.0 = Release|Any CPU
	EndGlobalSection
	GlobalSection(SolutionProperties) = preSolution
		HideSolutionNode = FALSE
	EndGlobalSection
	GlobalSection(ExtensibilityGlobals) = postSolution
		SolutionGuid = {1F8FCE2A-B0E3-4044-9C07-76D3E8CEEC61}
	EndGlobalSection
EndGlobal
